
Microsoft Visual Studio Solution File, Format Version 12.00
# Visual Studio Version 16
VisualStudioVersion = 16.0.29519.181
MinimumVisualStudioVersion = 10.0.40219.1
Project("{FAE04EC0-301F-11D3-BF4B-00C04F79EFBC}") = "Delegate", "Delegate\Delegate.csproj", "{BC1FBC4F-A849-43BA-8903-5A48356E4E26}"
EndProject
Global
	GlobalSection(SolutionConfigurationPlatforms) = preSolution
		Debug|Any CPU = Debug|Any CPU
		Release|Any CPU = Release|Any CPU
	EndGlobalSection
	GlobalSection(ProjectConfigurationPlatforms) = postSolution
		{BC1FBC4F-A849-43BA-8903-5A48356E4E26}.Debug|Any CPU.ActiveCfg = Debug|Any CPU
		{BC1FBC4F-A849-43BA-8903-5A48356E4E26}.Debug|Any CPU.Build.0 = Debug|Any CPU
		{BC1FBC4F-A849-43BA-8903-5A48356E4E26}.Release|Any CPU.ActiveCfg = Release|Any CPU
		{BC1FBC4F-A849-43BA-8903-5A48356E4E26}.Release|Any CPU.Build.0 = Release|Any CPU
	EndGlobalSection
	GlobalSection(SolutionProperties) = preSolution
		HideSolutionNode = FALSE
	EndGlobalSection
	GlobalSection(ExtensibilityGlobals) = postSolution
		SolutionGuid = {B7988729-893B-4E93-B190-89BF9123B8BD}
	EndGlobalSection
EndGlobal
